
Microsoft Visual Studio Solution File, Format Version 11.00
# Visual Studio 2010
Project("{FAE04EC0-301F-11D3-BF4B-00C04F79EFBC}") = "Unity.Timeline", "Unity.Timeline.csproj", "{687a9c36-0657-03aa-e441-18d9dd1b2a19}"
EndProject
Project("{FAE04EC0-301F-11D3-BF4B-00C04F79EFBC}") = "Unity.PlasticSCM.Editor", "Unity.PlasticSCM.Editor.csproj", "{61abc423-f44f-dea2-d422-6c94830a652d}"
EndProject
Project("{FAE04EC0-301F-11D3-BF4B-00C04F79EFBC}") = "Unity.ShaderGraph.Editor", "Unity.ShaderGraph.Editor.csproj", "{e9482739-7e22-6c18-7c06-c12e9d159af5}"
EndProject
Project("{FAE04EC0-301F-11D3-BF4B-00C04F79EFBC}") = "Unity.InputSystem", "Unity.InputSystem.csproj", "{bb0a6949-56f2-9289-dd5e-4631f1bf4177}"
EndProject
Project("{FAE04EC0-301F-11D3-BF4B-00C04F79EFBC}") = "Unity.VisualScripting.Flow", "Unity.VisualScripting.Flow.csproj", "{8fb089c2-07b0-3d5f-fa73-ad718cb266d9}"
EndProject
Project("{FAE04EC0-301F-11D3-BF4B-00C04F79EFBC}") = "Unity.RenderPipelines.Universal.Runtime", "Unity.RenderPipelines.Universal.Runtime.csproj", "{028c85de-0e21-2085-2de8-7213c27b660d}"
EndProject
Project("{FAE04EC0-301F-11D3-BF4B-00C04F79EFBC}") = "UnityEditor.UI", "UnityEditor.UI.csproj", "{4e21bd7a-eb09-bc7f-973b-9ec87a57c42e}"
EndProject
Project("{FAE04EC0-301F-11D3-BF4B-00C04F79EFBC}") = "Unity.Timeline.Editor", "Unity.Timeline.Editor.csproj", "{73a0ceb7-e8cc-bd3f-a437-7a42add3a2d6}"
EndProject
Project("{FAE04EC0-301F-11D3-BF4B-00C04F79EFBC}") = "SingularityGroup.HotReload.Runtime", "SingularityGroup.HotReload.Runtime.csproj", "{b4172a2e-63e6-9d7b-0b06-b0c28ac3cde5}"
EndProject
Project("{FAE04EC0-301F-11D3-BF4B-00C04F79EFBC}") = "Unity.RenderPipelines.Core.Runtime", "Unity.RenderPipelines.Core.Runtime.csproj", "{15ea9719-8f47-5e27-4f31-11026f685f1b}"
EndProject
Project("{FAE04EC0-301F-11D3-BF4B-00C04F79EFBC}") = "Unity.Mathematics", "Unity.Mathematics.csproj", "{084adf43-9c35-5a8e-da78-a1e21075f2da}"
EndProject
Project("{FAE04EC0-301F-11D3-BF4B-00C04F79EFBC}") = "Unity.RenderPipelines.Core.Editor", "Unity.RenderPipelines.Core.Editor.csproj", "{2af91f7e-8d15-e38a-959f-9bb500de838d}"
EndProject
Project("{FAE04EC0-301F-11D3-BF4B-00C04F79EFBC}") = "Unity.VisualScripting.Core.Editor", "Unity.VisualScripting.Core.Editor.csproj", "{7595b1ea-7d00-0804-f58e-4695919156a2}"
EndProject
Project("{FAE04EC0-301F-11D3-BF4B-00C04F79EFBC}") = "SingularityGroup.HotReload.Editor", "SingularityGroup.HotReload.Editor.csproj", "{ee23f141-adc8-2446-b324-d71f12c3a7e5}"
EndProject
Project("{FAE04EC0-301F-11D3-BF4B-00C04F79EFBC}") = "UnityEditor.TestRunner", "UnityEditor.TestRunner.csproj", "{63e06d24-07ba-1f8f-3bba-4543f1175c48}"
EndProject
Project("{FAE04EC0-301F-11D3-BF4B-00C04F79EFBC}") = "Unity.RenderPipelines.Universal.Editor", "Unity.RenderPipelines.Universal.Editor.csproj", "{acaa61e2-a21f-7a28-eab2-64d21615c67a}"
EndProject
Project("{FAE04EC0-301F-11D3-BF4B-00C04F79EFBC}") = "Unity.TextMeshPro.Editor", "Unity.TextMeshPro.Editor.csproj", "{425aeef5-66f2-2012-12e4-1a7143d2a90a}"
EndProject
Project("{FAE04EC0-301F-11D3-BF4B-00C04F79EFBC}") = "Unity.VisualScripting.Flow.Editor", "Unity.VisualScripting.Flow.Editor.csproj", "{9518fe59-00eb-6261-d5bc-b70596e67d08}"
EndProject
Project("{FAE04EC0-301F-11D3-BF4B-00C04F79EFBC}") = "UnityEngine.TestRunner", "UnityEngine.TestRunner.csproj", "{e816c00a-279c-970f-3891-8dd449072df9}"
EndProject
Project("{FAE04EC0-301F-11D3-BF4B-00C04F79EFBC}") = "Unity.VisualScripting.Core", "Unity.VisualScripting.Core.csproj", "{4978386d-1b0f-8ec8-558c-fa6706cd8b9d}"
EndProject
Project("{FAE04EC0-301F-11D3-BF4B-00C04F79EFBC}") = "UniTask", "UniTask.csproj", "{8953a8f5-55c2-2647-bf2c-946d9db108a3}"
EndProject
Project("{FAE04EC0-301F-11D3-BF4B-00C04F79EFBC}") = "Unity.Searcher.Editor", "Unity.Searcher.Editor.csproj", "{e3714781-8c37-8878-e4bd-cc498f8d5e59}"
EndProject
Project("{FAE04EC0-301F-11D3-BF4B-00C04F79EFBC}") = "Unity.Burst", "Unity.Burst.csproj", "{690a180b-804c-0254-00e6-fe5dfecf7aec}"
EndProject
Project("{FAE04EC0-301F-11D3-BF4B-00C04F79EFBC}") = "LitMotion", "LitMotion.csproj", "{190595c2-721b-83df-32dc-c42133d1a3ca}"
EndProject
Project("{FAE04EC0-301F-11D3-BF4B-00C04F79EFBC}") = "Unity.Collections", "Unity.Collections.csproj", "{acc785ec-3972-acf9-b19d-dd1a976882ef}"
EndProject
Project("{FAE04EC0-301F-11D3-BF4B-00C04F79EFBC}") = "Unity.VisualStudio.Editor", "Unity.VisualStudio.Editor.csproj", "{d66ce8fe-daa3-5903-b104-40a4c7f76cf4}"
EndProject
Project("{FAE04EC0-301F-11D3-BF4B-00C04F79EFBC}") = "PPv2URPConverters", "PPv2URPConverters.csproj", "{faa36c01-1af8-ab6d-881c-0c3024f0cf24}"
EndProject
Project("{FAE04EC0-301F-11D3-BF4B-00C04F79EFBC}") = "Unity.Rider.Editor", "Unity.Rider.Editor.csproj", "{081dd4a2-133b-5845-3f8b-16ef3f7eceba}"
EndProject
Project("{FAE04EC0-301F-11D3-BF4B-00C04F79EFBC}") = "Unity.VisualScripting.State.Editor", "Unity.VisualScripting.State.Editor.csproj", "{228f2175-019a-5ee5-1ed9-542ad42763a8}"
EndProject
Project("{FAE04EC0-301F-11D3-BF4B-00C04F79EFBC}") = "UnityEngine.UI", "UnityEngine.UI.csproj", "{4eee1d90-9962-da9e-3788-cb811bfd7eb9}"
EndProject
Project("{FAE04EC0-301F-11D3-BF4B-00C04F79EFBC}") = "Unity.Burst.CodeGen", "Unity.Burst.CodeGen.csproj", "{cfb85001-f5cd-09f1-f171-ede680a79aac}"
EndProject
Project("{FAE04EC0-301F-11D3-BF4B-00C04F79EFBC}") = "Unity.RenderPipeline.Universal.ShaderLibrary", "Unity.RenderPipeline.Universal.ShaderLibrary.csproj", "{47188033-584c-8af4-198c-2be32035a10d}"
EndProject
Project("{FAE04EC0-301F-11D3-BF4B-00C04F79EFBC}") = "LitMotion.Animation.Editor", "LitMotion.Animation.Editor.csproj", "{001b6832-b507-5f8e-617e-7dffa23dea2c}"
EndProject
Project("{FAE04EC0-301F-11D3-BF4B-00C04F79EFBC}") = "Unity.VisualScripting.State", "Unity.VisualScripting.State.csproj", "{3aeb975b-4da8-4f82-577e-a23a6a8878eb}"
EndProject
Project("{FAE04EC0-301F-11D3-BF4B-00C04F79EFBC}") = "UniTask.Linq", "UniTask.Linq.csproj", "{6ae8aa43-c39a-08ad-fac5-dd91185aa10f}"
EndProject
Project("{FAE04EC0-301F-11D3-BF4B-00C04F79EFBC}") = "Unity.TextMeshPro", "Unity.TextMeshPro.csproj", "{9ebae3ac-05fb-be5b-c14e-bfba50e540ae}"
EndProject
Project("{FAE04EC0-301F-11D3-BF4B-00C04F79EFBC}") = "LitMotion.Animation", "LitMotion.Animation.csproj", "{978e31f3-3328-6898-2473-492a537a0b93}"
EndProject
Project("{FAE04EC0-301F-11D3-BF4B-00C04F79EFBC}") = "LitMotion.Extensions", "LitMotion.Extensions.csproj", "{dd01afbc-491d-1c2b-07d0-c4553db7e3f4}"
EndProject
Project("{FAE04EC0-301F-11D3-BF4B-00C04F79EFBC}") = "Unity.VisualScripting.SettingsProvider.Editor", "Unity.VisualScripting.SettingsProvider.Editor.csproj", "{01d93bb2-9341-4d16-01e7-9d909ab3b147}"
EndProject
Project("{FAE04EC0-301F-11D3-BF4B-00C04F79EFBC}") = "Unity.Burst.Editor", "Unity.Burst.Editor.csproj", "{cdaf4d8a-96e3-2505-60ad-abb29091d8c4}"
EndProject
Project("{FAE04EC0-301F-11D3-BF4B-00C04F79EFBC}") = "Unity.2D.Sprite.Editor", "Unity.2D.Sprite.Editor.csproj", "{d8bedc39-63c5-7049-8fda-fe8b705454a9}"
EndProject
Project("{FAE04EC0-301F-11D3-BF4B-00C04F79EFBC}") = "LitMotion.Editor", "LitMotion.Editor.csproj", "{ee721621-175c-44a6-b7a7-4e08b1f808d3}"
EndProject
Project("{FAE04EC0-301F-11D3-BF4B-00C04F79EFBC}") = "Assembly-CSharp", "Assembly-CSharp.csproj", "{3c55cee5-8dca-adab-558f-e72a3b320637}"
EndProject
Project("{FAE04EC0-301F-11D3-BF4B-00C04F79EFBC}") = "Unity.InputSystem.ForUI", "Unity.InputSystem.ForUI.csproj", "{f5ecdfd7-6f89-37ef-bffb-55c966fe7715}"
EndProject
Project("{FAE04EC0-301F-11D3-BF4B-00C04F79EFBC}") = "Unity.Collections.CodeGen", "Unity.Collections.CodeGen.csproj", "{6d2ea30d-4e04-ec35-8e65-d708ed2a7571}"
EndProject
Project("{FAE04EC0-301F-11D3-BF4B-00C04F79EFBC}") = "Unity.Mathematics.Editor", "Unity.Mathematics.Editor.csproj", "{e036f376-fb60-2c41-f9ca-ef6dcce13643}"
EndProject
Project("{FAE04EC0-301F-11D3-BF4B-00C04F79EFBC}") = "Unity.CollabProxy.Editor", "Unity.CollabProxy.Editor.csproj", "{e80b7a68-369f-4647-518a-57f312d1edeb}"
EndProject
Project("{FAE04EC0-301F-11D3-BF4B-00C04F79EFBC}") = "SingularityGroup.HotReload.Runtime.Public", "SingularityGroup.HotReload.Runtime.Public.csproj", "{5eb47b18-5b62-d10a-e54d-2a29a556e352}"
EndProject
Project("{FAE04EC0-301F-11D3-BF4B-00C04F79EFBC}") = "UniTask.TextMeshPro", "UniTask.TextMeshPro.csproj", "{f8c951cb-a821-e951-9c76-9bdb3efaaef5}"
EndProject
Project("{FAE04EC0-301F-11D3-BF4B-00C04F79EFBC}") = "Assembly-CSharp-Editor", "Assembly-CSharp-Editor.csproj", "{10b1f0b2-544e-a284-ebac-4bf54b3badd8}"
EndProject
Project("{FAE04EC0-301F-11D3-BF4B-00C04F79EFBC}") = "Unity.InputSystem.TestFramework", "Unity.InputSystem.TestFramework.csproj", "{c0c55635-d89f-cde2-c100-ead149da2ac8}"
EndProject
Project("{FAE04EC0-301F-11D3-BF4B-00C04F79EFBC}") = "Unity.ShaderGraph.Utilities", "Unity.ShaderGraph.Utilities.csproj", "{ec402d45-b4ed-f765-b355-466a986f302e}"
EndProject
Project("{FAE04EC0-301F-11D3-BF4B-00C04F79EFBC}") = "Unity.VisualScripting.Shared.Editor", "Unity.VisualScripting.Shared.Editor.csproj", "{533e85cd-60d8-7443-3ec4-04ef92627270}"
EndProject
Project("{FAE04EC0-301F-11D3-BF4B-00C04F79EFBC}") = "Unity.Collections.DocCodeSamples", "Unity.Collections.DocCodeSamples.csproj", "{23a94492-f261-4def-db86-b213289f611a}"
EndProject
Project("{FAE04EC0-301F-11D3-BF4B-00C04F79EFBC}") = "Unity.PlasticSCM.Editor.Entities", "Unity.PlasticSCM.Editor.Entities.csproj", "{8f5c66c4-5951-e249-e79c-407e8ce0f38b}"
EndProject
Project("{FAE04EC0-301F-11D3-BF4B-00C04F79EFBC}") = "UniTask.Addressables", "UniTask.Addressables.csproj", "{8aa63bd2-4055-ea48-bf22-6657bf146bed}"
EndProject
Project("{FAE04EC0-301F-11D3-BF4B-00C04F79EFBC}") = "UniTask.Editor", "UniTask.Editor.csproj", "{b55a8a07-ce6a-5546-b18d-32240ef03c5a}"
EndProject
Project("{FAE04EC0-301F-11D3-BF4B-00C04F79EFBC}") = "Unity.Collections.Editor", "Unity.Collections.Editor.csproj", "{5ba4541c-ce50-df9c-17e3-bfce3bc0af22}"
EndProject
Project("{FAE04EC0-301F-11D3-BF4B-00C04F79EFBC}") = "Unity.Collections.BurstCompatibilityGen", "Unity.Collections.BurstCompatibilityGen.csproj", "{6e4efed7-9c48-f20b-3966-47acf717f36e}"
EndProject
Project("{FAE04EC0-301F-11D3-BF4B-00C04F79EFBC}") = "UniTask.DOTween", "UniTask.DOTween.csproj", "{4bb0cec2-d00c-760d-c74c-1ad377bdf02b}"
EndProject
Project("{FAE04EC0-301F-11D3-BF4B-00C04F79EFBC}") = "Unity.RenderPipelines.Universal.Config.Runtime", "Unity.RenderPipelines.Universal.Config.Runtime.csproj", "{9a0f5ef3-1a62-4ee7-f2a7-627be8e3502e}"
EndProject
Project("{FAE04EC0-301F-11D3-BF4B-00C04F79EFBC}") = "Unity.RenderPipelines.ShaderGraph.ShaderGraphLibrary", "Unity.RenderPipelines.ShaderGraph.ShaderGraphLibrary.csproj", "{990421f9-d965-a4ea-0af2-00b82541a1b2}"
EndProject
Project("{FAE04EC0-301F-11D3-BF4B-00C04F79EFBC}") = "Unity.RenderPipelines.Core.ShaderLibrary", "Unity.RenderPipelines.Core.ShaderLibrary.csproj", "{9d6d7395-0b17-ca0f-c499-afe7cd9c74ce}"
EndProject
Project("{FAE04EC0-301F-11D3-BF4B-00C04F79EFBC}") = "Sirenix.OdinInspector.Modules.UnityMathematics", "Sirenix.OdinInspector.Modules.UnityMathematics.csproj", "{9a9c7194-5afe-56d6-cc4b-dd7fcd48768c}"
EndProject
Project("{FAE04EC0-301F-11D3-BF4B-00C04F79EFBC}") = "Unity.RenderPipelines.Universal.Shaders", "Unity.RenderPipelines.Universal.Shaders.csproj", "{59bc5207-1c05-c5ea-4bb1-9e9a5f4b1df8}"
EndProject
Project("{FAE04EC0-301F-11D3-BF4B-00C04F79EFBC}") = "Unity.Timeline", "Unity.Timeline.Player.csproj", "{2d7047e6-2a07-b836-115e-1b805eb6a675}"
EndProject
Project("{FAE04EC0-301F-11D3-BF4B-00C04F79EFBC}") = "Unity.InputSystem", "Unity.InputSystem.Player.csproj", "{d22fcb76-15e0-5da1-462e-ea9d052cbb53}"
EndProject
Project("{FAE04EC0-301F-11D3-BF4B-00C04F79EFBC}") = "Unity.VisualScripting.Flow", "Unity.VisualScripting.Flow.Player.csproj", "{11f9be57-2b6a-6000-0a17-e7a44c08d799}"
EndProject
Project("{FAE04EC0-301F-11D3-BF4B-00C04F79EFBC}") = "Unity.RenderPipelines.Universal.Runtime", "Unity.RenderPipelines.Universal.Runtime.Player.csproj", "{ec5a06e2-ca1b-55ed-9ac9-3b37c69dce34}"
EndProject
Project("{FAE04EC0-301F-11D3-BF4B-00C04F79EFBC}") = "Unity.RenderPipelines.Core.Runtime", "Unity.RenderPipelines.Core.Runtime.Player.csproj", "{c2175cdb-a529-e894-de4e-3bcbc4d1d2da}"
EndProject
Project("{FAE04EC0-301F-11D3-BF4B-00C04F79EFBC}") = "Unity.Mathematics", "Unity.Mathematics.Player.csproj", "{f122f243-c4d5-75a7-0bdd-be6be0583157}"
EndProject
Project("{FAE04EC0-301F-11D3-BF4B-00C04F79EFBC}") = "UnityEngine.TestRunner", "UnityEngine.TestRunner.Player.csproj", "{5056499a-d399-f2f9-bf57-fac41bc1a048}"
EndProject
Project("{FAE04EC0-301F-11D3-BF4B-00C04F79EFBC}") = "Unity.VisualScripting.Core", "Unity.VisualScripting.Core.Player.csproj", "{f592d76a-7fc7-09f1-cb35-b7d95e6e317c}"
EndProject
Project("{FAE04EC0-301F-11D3-BF4B-00C04F79EFBC}") = "UniTask", "UniTask.Player.csproj", "{8096ae95-8b43-4708-6f4e-ef77c216d400}"
EndProject
Project("{FAE04EC0-301F-11D3-BF4B-00C04F79EFBC}") = "Unity.Burst", "Unity.Burst.Player.csproj", "{9fcec03f-6f3f-b2b7-36e8-21d3df154e88}"
EndProject
Project("{FAE04EC0-301F-11D3-BF4B-00C04F79EFBC}") = "LitMotion", "LitMotion.Player.csproj", "{9ae6476b-fd2c-ff17-2d2f-8ace2dc11350}"
EndProject
Project("{FAE04EC0-301F-11D3-BF4B-00C04F79EFBC}") = "Unity.Collections", "Unity.Collections.Player.csproj", "{dd7c37cd-6873-4ac1-1ce5-9ddb2782a9df}"
EndProject
Project("{FAE04EC0-301F-11D3-BF4B-00C04F79EFBC}") = "UnityEngine.UI", "UnityEngine.UI.Player.csproj", "{7a21e041-08fa-c903-0984-a0a074d73e5f}"
EndProject
Project("{FAE04EC0-301F-11D3-BF4B-00C04F79EFBC}") = "Unity.RenderPipeline.Universal.ShaderLibrary", "Unity.RenderPipeline.Universal.ShaderLibrary.Player.csproj", "{89c98afd-d1e4-ccc4-80e1-d4e078aceb21}"
EndProject
Project("{FAE04EC0-301F-11D3-BF4B-00C04F79EFBC}") = "Unity.VisualScripting.State", "Unity.VisualScripting.State.Player.csproj", "{c5053d5b-ce0c-98bc-e1a0-a36c157ec19e}"
EndProject
Project("{FAE04EC0-301F-11D3-BF4B-00C04F79EFBC}") = "UniTask.Linq", "UniTask.Linq.Player.csproj", "{7727e0f6-2808-692b-55c8-94ee583b3446}"
EndProject
Project("{FAE04EC0-301F-11D3-BF4B-00C04F79EFBC}") = "Unity.TextMeshPro", "Unity.TextMeshPro.Player.csproj", "{b836b334-4e8b-22e5-441e-aced2a45413d}"
EndProject
Project("{FAE04EC0-301F-11D3-BF4B-00C04F79EFBC}") = "LitMotion.Animation", "LitMotion.Animation.Player.csproj", "{60fb40f2-479d-d192-7d9c-a2bc4adbd009}"
EndProject
Project("{FAE04EC0-301F-11D3-BF4B-00C04F79EFBC}") = "LitMotion.Extensions", "LitMotion.Extensions.Player.csproj", "{151c8a0a-bbf8-8810-7171-de1e58210edd}"
EndProject
Project("{FAE04EC0-301F-11D3-BF4B-00C04F79EFBC}") = "Assembly-CSharp", "Assembly-CSharp.Player.csproj", "{5d5b908e-1e10-28e3-96de-00656a2bcaa7}"
EndProject
Project("{FAE04EC0-301F-11D3-BF4B-00C04F79EFBC}") = "Unity.InputSystem.ForUI", "Unity.InputSystem.ForUI.Player.csproj", "{605c0c4d-f84f-326a-f15c-1c5665b7a08a}"
EndProject
Project("{FAE04EC0-301F-11D3-BF4B-00C04F79EFBC}") = "SingularityGroup.HotReload.Runtime.Public", "SingularityGroup.HotReload.Runtime.Public.Player.csproj", "{b17aef12-fada-998b-e638-16f52a727255}"
EndProject
Project("{FAE04EC0-301F-11D3-BF4B-00C04F79EFBC}") = "UniTask.TextMeshPro", "UniTask.TextMeshPro.Player.csproj", "{5d08152a-3f01-58d5-af5f-095040fe1274}"
EndProject
Project("{FAE04EC0-301F-11D3-BF4B-00C04F79EFBC}") = "Unity.InputSystem.TestFramework", "Unity.InputSystem.TestFramework.Player.csproj", "{98706bf6-21af-279f-682b-96ad7e475135}"
EndProject
Project("{FAE04EC0-301F-11D3-BF4B-00C04F79EFBC}") = "UniTask.Addressables", "UniTask.Addressables.Player.csproj", "{9ea5dbed-6b05-a586-f0ce-1d1bd60d8833}"
EndProject
Project("{FAE04EC0-301F-11D3-BF4B-00C04F79EFBC}") = "UniTask.DOTween", "UniTask.DOTween.Player.csproj", "{cf7a1772-d322-0002-a8d8-11ce5d2968cf}"
EndProject
Project("{FAE04EC0-301F-11D3-BF4B-00C04F79EFBC}") = "Unity.RenderPipelines.Universal.Config.Runtime", "Unity.RenderPipelines.Universal.Config.Runtime.Player.csproj", "{003f24b7-fa0a-a8e0-15bc-8ca5682aa8e2}"
EndProject
Project("{FAE04EC0-301F-11D3-BF4B-00C04F79EFBC}") = "Unity.RenderPipelines.ShaderGraph.ShaderGraphLibrary", "Unity.RenderPipelines.ShaderGraph.ShaderGraphLibrary.Player.csproj", "{c3cac2b2-2324-188d-6cf5-783041e8e5d8}"
EndProject
Project("{FAE04EC0-301F-11D3-BF4B-00C04F79EFBC}") = "Unity.RenderPipelines.Core.ShaderLibrary", "Unity.RenderPipelines.Core.ShaderLibrary.Player.csproj", "{e507aa71-71e1-35b5-f612-088a6d97a41e}"
EndProject
Project("{FAE04EC0-301F-11D3-BF4B-00C04F79EFBC}") = "Unity.RenderPipelines.Universal.Shaders", "Unity.RenderPipelines.Universal.Shaders.Player.csproj", "{f793819a-b4e8-3ac4-79b2-c903f557fc01}"
EndProject
Project("{FAE04EC0-301F-11D3-BF4B-00C04F79EFBC}") = "Unity.Mathematics.Tests", "Unity.Mathematics.Tests.csproj", "{1f98b3ac-ea7f-3c11-1d58-294f74b6b694}"
EndProject
Project("{FAE04EC0-301F-11D3-BF4B-00C04F79EFBC}") = "Unity.RenderPipelines.Core.Editor.Tests", "Unity.RenderPipelines.Core.Editor.Tests.csproj", "{29bb30da-6c1c-4f1d-c10f-f9ff3e8db8b0}"
EndProject
Project("{FAE04EC0-301F-11D3-BF4B-00C04F79EFBC}") = "Unity.RenderPipelines.Universal.Config.Editor.Tests", "Unity.RenderPipelines.Universal.Config.Editor.Tests.csproj", "{241086c8-4a7f-380e-bcf5-b264b1df244b}"
EndProject
Project("{FAE04EC0-301F-11D3-BF4B-00C04F79EFBC}") = "Unity.2D.Sprite.Package.EditorTests", "Unity.2D.Sprite.Package.EditorTests.csproj", "{7ffe924c-94b6-7148-2d16-330b00cde0e8}"
EndProject
Project("{FAE04EC0-301F-11D3-BF4B-00C04F79EFBC}") = "Unity.Burst.Tests.UnitTests", "Unity.Burst.Tests.UnitTests.csproj", "{c8f137c4-edbd-9f43-f39f-b16fa9c47e97}"
EndProject
Project("{FAE04EC0-301F-11D3-BF4B-00C04F79EFBC}") = "Unity.Searcher.EditorTests", "Unity.Searcher.EditorTests.csproj", "{0060c090-9afe-d543-28c9-064c196dbf73}"
EndProject
Project("{FAE04EC0-301F-11D3-BF4B-00C04F79EFBC}") = "LitMotion.Tests.Editor", "LitMotion.Tests.Editor.csproj", "{c3981e4c-55de-8b58-d298-b61796e508ea}"
EndProject
Project("{FAE04EC0-301F-11D3-BF4B-00C04F79EFBC}") = "LitMotion.Tests.Runtime", "LitMotion.Tests.Runtime.csproj", "{112c5cf6-e805-bade-9f74-9598c80641b6}"
EndProject
Project("{FAE04EC0-301F-11D3-BF4B-00C04F79EFBC}") = "Assembly-CSharp-firstpass", "Assembly-CSharp-firstpass.csproj", "{20f7538d-fefd-9153-8ddd-35eaea30d669}"
EndProject
Project("{FAE04EC0-301F-11D3-BF4B-00C04F79EFBC}") = "Unity.Burst.Editor.Tests", "Unity.Burst.Editor.Tests.csproj", "{9261b65e-5a84-5ed2-6bc2-28f1c188a26b}"
EndProject
Project("{FAE04EC0-301F-11D3-BF4B-00C04F79EFBC}") = "Unity.TextMeshPro.Editor.Tests", "Unity.TextMeshPro.Editor.Tests.csproj", "{84ec0f76-42af-0972-32fb-ee082fd691bf}"
EndProject
Project("{FAE04EC0-301F-11D3-BF4B-00C04F79EFBC}") = "DocCodeExamples", "DocCodeExamples.csproj", "{2fde4b10-b34e-1e02-ef7f-3a6574035447}"
EndProject
Project("{FAE04EC0-301F-11D3-BF4B-00C04F79EFBC}") = "Assembly-CSharp-Editor-firstpass", "Assembly-CSharp-Editor-firstpass.csproj", "{364a4245-6fa5-d8ce-8dac-ba050c10a870}"
EndProject
Project("{FAE04EC0-301F-11D3-BF4B-00C04F79EFBC}") = "Unity.RenderPipelines.Universal.Editor.Tests", "Unity.RenderPipelines.Universal.Editor.Tests.csproj", "{60f11454-7c0a-ab71-4421-bac3391ef99c}"
EndProject
Project("{FAE04EC0-301F-11D3-BF4B-00C04F79EFBC}") = "Unity.Collections.Tests", "Unity.Collections.Tests.csproj", "{41a0f874-683d-047a-7b02-7c8e5e60e65c}"
EndProject
Project("{FAE04EC0-301F-11D3-BF4B-00C04F79EFBC}") = "LitMotion.Tests.Benchmark", "LitMotion.Tests.Benchmark.csproj", "{48bce16c-0457-4df2-3d09-7c80361e94d4}"
EndProject
Project("{FAE04EC0-301F-11D3-BF4B-00C04F79EFBC}") = "UnityEngine.UI.Tests", "UnityEngine.UI.Tests.csproj", "{68f50307-2014-0c49-0998-a9c1c280b8be}"
EndProject
Project("{FAE04EC0-301F-11D3-BF4B-00C04F79EFBC}") = "Unity.InputSystem.IntegrationTests", "Unity.InputSystem.IntegrationTests.csproj", "{6ef065cc-667f-27ac-fd26-df891561fc15}"
EndProject
Project("{FAE04EC0-301F-11D3-BF4B-00C04F79EFBC}") = "Unity.Collections.Tests.Playmode", "Unity.Collections.Tests.Playmode.csproj", "{26d37cea-06ee-9ce6-136a-8eaf402f9ff3}"
EndProject
Project("{FAE04EC0-301F-11D3-BF4B-00C04F79EFBC}") = "Unity.Nuget.Mono-Cecil", "Unity.Nuget.Mono-Cecil.csproj", "{303aecf4-f979-4833-3734-d7d995760297}"
EndProject
Project("{FAE04EC0-301F-11D3-BF4B-00C04F79EFBC}") = "Unity.TextMeshPro.Tests", "Unity.TextMeshPro.Tests.csproj", "{3f2eb911-6d12-3d1d-5b71-b9744d905dc3}"
EndProject
Project("{FAE04EC0-301F-11D3-BF4B-00C04F79EFBC}") = "SeparateAssembly", "SeparateAssembly.csproj", "{1e612563-c805-29c9-6715-7894d0f72e5d}"
EndProject
Project("{FAE04EC0-301F-11D3-BF4B-00C04F79EFBC}") = "UnityEditor.UI.EditorTests", "UnityEditor.UI.EditorTests.csproj", "{01132269-c5ca-cf34-e744-fb77368f91f7}"
EndProject
Project("{FAE04EC0-301F-11D3-BF4B-00C04F79EFBC}") = "Unity.RenderPipelines.Universal.Runtime.Tests", "Unity.RenderPipelines.Universal.Runtime.Tests.csproj", "{857ce32c-1582-37bd-fb5f-8547d6038a30}"
EndProject
Project("{FAE04EC0-301F-11D3-BF4B-00C04F79EFBC}") = "OverloadedFunctionPointers", "OverloadedFunctionPointers.csproj", "{257e01a8-7e3f-8d9d-97cb-3a8004511545}"
EndProject
Project("{FAE04EC0-301F-11D3-BF4B-00C04F79EFBC}") = "Unity.RenderPipelines.Core.Runtime.Tests", "Unity.RenderPipelines.Core.Runtime.Tests.csproj", "{fbe63f94-8317-a843-9d8c-c34d4b081e89}"
EndProject
Project("{FAE04EC0-301F-11D3-BF4B-00C04F79EFBC}") = "Unity.ShaderGraph.Editor.Tests", "Unity.ShaderGraph.Editor.Tests.csproj", "{e793bc26-e5b5-117f-d97a-eeedaaa12463}"
EndProject
Global
	GlobalSection(SolutionConfigurationPlatforms) = preSolution
		Debug|Any CPU = Debug|Any CPU
	EndGlobalSection
	GlobalSection(ProjectConfigurationPlatforms) = postSolution
		{687a9c36-0657-03aa-e441-18d9dd1b2a19}.Debug|Any CPU.ActiveCfg = Debug|Any CPU
		{687a9c36-0657-03aa-e441-18d9dd1b2a19}.Debug|Any CPU.Build.0 = Debug|Any CPU
		{61abc423-f44f-dea2-d422-6c94830a652d}.Debug|Any CPU.ActiveCfg = Debug|Any CPU
		{61abc423-f44f-dea2-d422-6c94830a652d}.Debug|Any CPU.Build.0 = Debug|Any CPU
		{e9482739-7e22-6c18-7c06-c12e9d159af5}.Debug|Any CPU.ActiveCfg = Debug|Any CPU
		{e9482739-7e22-6c18-7c06-c12e9d159af5}.Debug|Any CPU.Build.0 = Debug|Any CPU
		{bb0a6949-56f2-9289-dd5e-4631f1bf4177}.Debug|Any CPU.ActiveCfg = Debug|Any CPU
		{bb0a6949-56f2-9289-dd5e-4631f1bf4177}.Debug|Any CPU.Build.0 = Debug|Any CPU
		{8fb089c2-07b0-3d5f-fa73-ad718cb266d9}.Debug|Any CPU.ActiveCfg = Debug|Any CPU
		{8fb089c2-07b0-3d5f-fa73-ad718cb266d9}.Debug|Any CPU.Build.0 = Debug|Any CPU
		{028c85de-0e21-2085-2de8-7213c27b660d}.Debug|Any CPU.ActiveCfg = Debug|Any CPU
		{028c85de-0e21-2085-2de8-7213c27b660d}.Debug|Any CPU.Build.0 = Debug|Any CPU
		{4e21bd7a-eb09-bc7f-973b-9ec87a57c42e}.Debug|Any CPU.ActiveCfg = Debug|Any CPU
		{4e21bd7a-eb09-bc7f-973b-9ec87a57c42e}.Debug|Any CPU.Build.0 = Debug|Any CPU
		{73a0ceb7-e8cc-bd3f-a437-7a42add3a2d6}.Debug|Any CPU.ActiveCfg = Debug|Any CPU
		{73a0ceb7-e8cc-bd3f-a437-7a42add3a2d6}.Debug|Any CPU.Build.0 = Debug|Any CPU
		{b4172a2e-63e6-9d7b-0b06-b0c28ac3cde5}.Debug|Any CPU.ActiveCfg = Debug|Any CPU
		{b4172a2e-63e6-9d7b-0b06-b0c28ac3cde5}.Debug|Any CPU.Build.0 = Debug|Any CPU
		{15ea9719-8f47-5e27-4f31-11026f685f1b}.Debug|Any CPU.ActiveCfg = Debug|Any CPU
		{15ea9719-8f47-5e27-4f31-11026f685f1b}.Debug|Any CPU.Build.0 = Debug|Any CPU
		{084adf43-9c35-5a8e-da78-a1e21075f2da}.Debug|Any CPU.ActiveCfg = Debug|Any CPU
		{084adf43-9c35-5a8e-da78-a1e21075f2da}.Debug|Any CPU.Build.0 = Debug|Any CPU
		{2af91f7e-8d15-e38a-959f-9bb500de838d}.Debug|Any CPU.ActiveCfg = Debug|Any CPU
		{2af91f7e-8d15-e38a-959f-9bb500de838d}.Debug|Any CPU.Build.0 = Debug|Any CPU
		{7595b1ea-7d00-0804-f58e-4695919156a2}.Debug|Any CPU.ActiveCfg = Debug|Any CPU
		{7595b1ea-7d00-0804-f58e-4695919156a2}.Debug|Any CPU.Build.0 = Debug|Any CPU
		{ee23f141-adc8-2446-b324-d71f12c3a7e5}.Debug|Any CPU.ActiveCfg = Debug|Any CPU
		{ee23f141-adc8-2446-b324-d71f12c3a7e5}.Debug|Any CPU.Build.0 = Debug|Any CPU
		{63e06d24-07ba-1f8f-3bba-4543f1175c48}.Debug|Any CPU.ActiveCfg = Debug|Any CPU
		{63e06d24-07ba-1f8f-3bba-4543f1175c48}.Debug|Any CPU.Build.0 = Debug|Any CPU
		{acaa61e2-a21f-7a28-eab2-64d21615c67a}.Debug|Any CPU.ActiveCfg = Debug|Any CPU
		{acaa61e2-a21f-7a28-eab2-64d21615c67a}.Debug|Any CPU.Build.0 = Debug|Any CPU
		{425aeef5-66f2-2012-12e4-1a7143d2a90a}.Debug|Any CPU.ActiveCfg = Debug|Any CPU
		{425aeef5-66f2-2012-12e4-1a7143d2a90a}.Debug|Any CPU.Build.0 = Debug|Any CPU
		{9518fe59-00eb-6261-d5bc-b70596e67d08}.Debug|Any CPU.ActiveCfg = Debug|Any CPU
		{9518fe59-00eb-6261-d5bc-b70596e67d08}.Debug|Any CPU.Build.0 = Debug|Any CPU
		{e816c00a-279c-970f-3891-8dd449072df9}.Debug|Any CPU.ActiveCfg = Debug|Any CPU
		{e816c00a-279c-970f-3891-8dd449072df9}.Debug|Any CPU.Build.0 = Debug|Any CPU
		{4978386d-1b0f-8ec8-558c-fa6706cd8b9d}.Debug|Any CPU.ActiveCfg = Debug|Any CPU
		{4978386d-1b0f-8ec8-558c-fa6706cd8b9d}.Debug|Any CPU.Build.0 = Debug|Any CPU
		{8953a8f5-55c2-2647-bf2c-946d9db108a3}.Debug|Any CPU.ActiveCfg = Debug|Any CPU
		{8953a8f5-55c2-2647-bf2c-946d9db108a3}.Debug|Any CPU.Build.0 = Debug|Any CPU
		{e3714781-8c37-8878-e4bd-cc498f8d5e59}.Debug|Any CPU.ActiveCfg = Debug|Any CPU
		{e3714781-8c37-8878-e4bd-cc498f8d5e59}.Debug|Any CPU.Build.0 = Debug|Any CPU
		{690a180b-804c-0254-00e6-fe5dfecf7aec}.Debug|Any CPU.ActiveCfg = Debug|Any CPU
		{690a180b-804c-0254-00e6-fe5dfecf7aec}.Debug|Any CPU.Build.0 = Debug|Any CPU
		{190595c2-721b-83df-32dc-c42133d1a3ca}.Debug|Any CPU.ActiveCfg = Debug|Any CPU
		{190595c2-721b-83df-32dc-c42133d1a3ca}.Debug|Any CPU.Build.0 = Debug|Any CPU
		{acc785ec-3972-acf9-b19d-dd1a976882ef}.Debug|Any CPU.ActiveCfg = Debug|Any CPU
		{acc785ec-3972-acf9-b19d-dd1a976882ef}.Debug|Any CPU.Build.0 = Debug|Any CPU
		{d66ce8fe-daa3-5903-b104-40a4c7f76cf4}.Debug|Any CPU.ActiveCfg = Debug|Any CPU
		{d66ce8fe-daa3-5903-b104-40a4c7f76cf4}.Debug|Any CPU.Build.0 = Debug|Any CPU
		{faa36c01-1af8-ab6d-881c-0c3024f0cf24}.Debug|Any CPU.ActiveCfg = Debug|Any CPU
		{faa36c01-1af8-ab6d-881c-0c3024f0cf24}.Debug|Any CPU.Build.0 = Debug|Any CPU
		{081dd4a2-133b-5845-3f8b-16ef3f7eceba}.Debug|Any CPU.ActiveCfg = Debug|Any CPU
		{081dd4a2-133b-5845-3f8b-16ef3f7eceba}.Debug|Any CPU.Build.0 = Debug|Any CPU
		{228f2175-019a-5ee5-1ed9-542ad42763a8}.Debug|Any CPU.ActiveCfg = Debug|Any CPU
		{228f2175-019a-5ee5-1ed9-542ad42763a8}.Debug|Any CPU.Build.0 = Debug|Any CPU
		{4eee1d90-9962-da9e-3788-cb811bfd7eb9}.Debug|Any CPU.ActiveCfg = Debug|Any CPU
		{4eee1d90-9962-da9e-3788-cb811bfd7eb9}.Debug|Any CPU.Build.0 = Debug|Any CPU
		{cfb85001-f5cd-09f1-f171-ede680a79aac}.Debug|Any CPU.ActiveCfg = Debug|Any CPU
		{cfb85001-f5cd-09f1-f171-ede680a79aac}.Debug|Any CPU.Build.0 = Debug|Any CPU
		{47188033-584c-8af4-198c-2be32035a10d}.Debug|Any CPU.ActiveCfg = Debug|Any CPU
		{47188033-584c-8af4-198c-2be32035a10d}.Debug|Any CPU.Build.0 = Debug|Any CPU
		{001b6832-b507-5f8e-617e-7dffa23dea2c}.Debug|Any CPU.ActiveCfg = Debug|Any CPU
		{001b6832-b507-5f8e-617e-7dffa23dea2c}.Debug|Any CPU.Build.0 = Debug|Any CPU
		{3aeb975b-4da8-4f82-577e-a23a6a8878eb}.Debug|Any CPU.ActiveCfg = Debug|Any CPU
		{3aeb975b-4da8-4f82-577e-a23a6a8878eb}.Debug|Any CPU.Build.0 = Debug|Any CPU
		{6ae8aa43-c39a-08ad-fac5-dd91185aa10f}.Debug|Any CPU.ActiveCfg = Debug|Any CPU
		{6ae8aa43-c39a-08ad-fac5-dd91185aa10f}.Debug|Any CPU.Build.0 = Debug|Any CPU
		{9ebae3ac-05fb-be5b-c14e-bfba50e540ae}.Debug|Any CPU.ActiveCfg = Debug|Any CPU
		{9ebae3ac-05fb-be5b-c14e-bfba50e540ae}.Debug|Any CPU.Build.0 = Debug|Any CPU
		{978e31f3-3328-6898-2473-492a537a0b93}.Debug|Any CPU.ActiveCfg = Debug|Any CPU
		{978e31f3-3328-6898-2473-492a537a0b93}.Debug|Any CPU.Build.0 = Debug|Any CPU
		{dd01afbc-491d-1c2b-07d0-c4553db7e3f4}.Debug|Any CPU.ActiveCfg = Debug|Any CPU
		{dd01afbc-491d-1c2b-07d0-c4553db7e3f4}.Debug|Any CPU.Build.0 = Debug|Any CPU
		{01d93bb2-9341-4d16-01e7-9d909ab3b147}.Debug|Any CPU.ActiveCfg = Debug|Any CPU
		{01d93bb2-9341-4d16-01e7-9d909ab3b147}.Debug|Any CPU.Build.0 = Debug|Any CPU
		{cdaf4d8a-96e3-2505-60ad-abb29091d8c4}.Debug|Any CPU.ActiveCfg = Debug|Any CPU
		{cdaf4d8a-96e3-2505-60ad-abb29091d8c4}.Debug|Any CPU.Build.0 = Debug|Any CPU
		{d8bedc39-63c5-7049-8fda-fe8b705454a9}.Debug|Any CPU.ActiveCfg = Debug|Any CPU
		{d8bedc39-63c5-7049-8fda-fe8b705454a9}.Debug|Any CPU.Build.0 = Debug|Any CPU
		{ee721621-175c-44a6-b7a7-4e08b1f808d3}.Debug|Any CPU.ActiveCfg = Debug|Any CPU
		{ee721621-175c-44a6-b7a7-4e08b1f808d3}.Debug|Any CPU.Build.0 = Debug|Any CPU
		{3c55cee5-8dca-adab-558f-e72a3b320637}.Debug|Any CPU.ActiveCfg = Debug|Any CPU
		{3c55cee5-8dca-adab-558f-e72a3b320637}.Debug|Any CPU.Build.0 = Debug|Any CPU
		{f5ecdfd7-6f89-37ef-bffb-55c966fe7715}.Debug|Any CPU.ActiveCfg = Debug|Any CPU
		{f5ecdfd7-6f89-37ef-bffb-55c966fe7715}.Debug|Any CPU.Build.0 = Debug|Any CPU
		{6d2ea30d-4e04-ec35-8e65-d708ed2a7571}.Debug|Any CPU.ActiveCfg = Debug|Any CPU
		{6d2ea30d-4e04-ec35-8e65-d708ed2a7571}.Debug|Any CPU.Build.0 = Debug|Any CPU
		{e036f376-fb60-2c41-f9ca-ef6dcce13643}.Debug|Any CPU.ActiveCfg = Debug|Any CPU
		{e036f376-fb60-2c41-f9ca-ef6dcce13643}.Debug|Any CPU.Build.0 = Debug|Any CPU
		{e80b7a68-369f-4647-518a-57f312d1edeb}.Debug|Any CPU.ActiveCfg = Debug|Any CPU
		{e80b7a68-369f-4647-518a-57f312d1edeb}.Debug|Any CPU.Build.0 = Debug|Any CPU
		{5eb47b18-5b62-d10a-e54d-2a29a556e352}.Debug|Any CPU.ActiveCfg = Debug|Any CPU
		{5eb47b18-5b62-d10a-e54d-2a29a556e352}.Debug|Any CPU.Build.0 = Debug|Any CPU
		{f8c951cb-a821-e951-9c76-9bdb3efaaef5}.Debug|Any CPU.ActiveCfg = Debug|Any CPU
		{f8c951cb-a821-e951-9c76-9bdb3efaaef5}.Debug|Any CPU.Build.0 = Debug|Any CPU
		{10b1f0b2-544e-a284-ebac-4bf54b3badd8}.Debug|Any CPU.ActiveCfg = Debug|Any CPU
		{10b1f0b2-544e-a284-ebac-4bf54b3badd8}.Debug|Any CPU.Build.0 = Debug|Any CPU
		{c0c55635-d89f-cde2-c100-ead149da2ac8}.Debug|Any CPU.ActiveCfg = Debug|Any CPU
		{c0c55635-d89f-cde2-c100-ead149da2ac8}.Debug|Any CPU.Build.0 = Debug|Any CPU
		{ec402d45-b4ed-f765-b355-466a986f302e}.Debug|Any CPU.ActiveCfg = Debug|Any CPU
		{ec402d45-b4ed-f765-b355-466a986f302e}.Debug|Any CPU.Build.0 = Debug|Any CPU
		{533e85cd-60d8-7443-3ec4-04ef92627270}.Debug|Any CPU.ActiveCfg = Debug|Any CPU
		{533e85cd-60d8-7443-3ec4-04ef92627270}.Debug|Any CPU.Build.0 = Debug|Any CPU
		{23a94492-f261-4def-db86-b213289f611a}.Debug|Any CPU.ActiveCfg = Debug|Any CPU
		{23a94492-f261-4def-db86-b213289f611a}.Debug|Any CPU.Build.0 = Debug|Any CPU
		{8f5c66c4-5951-e249-e79c-407e8ce0f38b}.Debug|Any CPU.ActiveCfg = Debug|Any CPU
		{8f5c66c4-5951-e249-e79c-407e8ce0f38b}.Debug|Any CPU.Build.0 = Debug|Any CPU
		{8aa63bd2-4055-ea48-bf22-6657bf146bed}.Debug|Any CPU.ActiveCfg = Debug|Any CPU
		{8aa63bd2-4055-ea48-bf22-6657bf146bed}.Debug|Any CPU.Build.0 = Debug|Any CPU
		{b55a8a07-ce6a-5546-b18d-32240ef03c5a}.Debug|Any CPU.ActiveCfg = Debug|Any CPU
		{b55a8a07-ce6a-5546-b18d-32240ef03c5a}.Debug|Any CPU.Build.0 = Debug|Any CPU
		{5ba4541c-ce50-df9c-17e3-bfce3bc0af22}.Debug|Any CPU.ActiveCfg = Debug|Any CPU
		{5ba4541c-ce50-df9c-17e3-bfce3bc0af22}.Debug|Any CPU.Build.0 = Debug|Any CPU
		{6e4efed7-9c48-f20b-3966-47acf717f36e}.Debug|Any CPU.ActiveCfg = Debug|Any CPU
		{6e4efed7-9c48-f20b-3966-47acf717f36e}.Debug|Any CPU.Build.0 = Debug|Any CPU
		{4bb0cec2-d00c-760d-c74c-1ad377bdf02b}.Debug|Any CPU.ActiveCfg = Debug|Any CPU
		{4bb0cec2-d00c-760d-c74c-1ad377bdf02b}.Debug|Any CPU.Build.0 = Debug|Any CPU
		{9a0f5ef3-1a62-4ee7-f2a7-627be8e3502e}.Debug|Any CPU.ActiveCfg = Debug|Any CPU
		{9a0f5ef3-1a62-4ee7-f2a7-627be8e3502e}.Debug|Any CPU.Build.0 = Debug|Any CPU
		{990421f9-d965-a4ea-0af2-00b82541a1b2}.Debug|Any CPU.ActiveCfg = Debug|Any CPU
		{990421f9-d965-a4ea-0af2-00b82541a1b2}.Debug|Any CPU.Build.0 = Debug|Any CPU
		{9d6d7395-0b17-ca0f-c499-afe7cd9c74ce}.Debug|Any CPU.ActiveCfg = Debug|Any CPU
		{9d6d7395-0b17-ca0f-c499-afe7cd9c74ce}.Debug|Any CPU.Build.0 = Debug|Any CPU
		{9a9c7194-5afe-56d6-cc4b-dd7fcd48768c}.Debug|Any CPU.ActiveCfg = Debug|Any CPU
		{9a9c7194-5afe-56d6-cc4b-dd7fcd48768c}.Debug|Any CPU.Build.0 = Debug|Any CPU
		{59bc5207-1c05-c5ea-4bb1-9e9a5f4b1df8}.Debug|Any CPU.ActiveCfg = Debug|Any CPU
		{59bc5207-1c05-c5ea-4bb1-9e9a5f4b1df8}.Debug|Any CPU.Build.0 = Debug|Any CPU
		{2d7047e6-2a07-b836-115e-1b805eb6a675}.Debug|Any CPU.ActiveCfg = Debug|Any CPU
		{2d7047e6-2a07-b836-115e-1b805eb6a675}.Debug|Any CPU.Build.0 = Debug|Any CPU
		{d22fcb76-15e0-5da1-462e-ea9d052cbb53}.Debug|Any CPU.ActiveCfg = Debug|Any CPU
		{d22fcb76-15e0-5da1-462e-ea9d052cbb53}.Debug|Any CPU.Build.0 = Debug|Any CPU
		{11f9be57-2b6a-6000-0a17-e7a44c08d799}.Debug|Any CPU.ActiveCfg = Debug|Any CPU
		{11f9be57-2b6a-6000-0a17-e7a44c08d799}.Debug|Any CPU.Build.0 = Debug|Any CPU
		{ec5a06e2-ca1b-55ed-9ac9-3b37c69dce34}.Debug|Any CPU.ActiveCfg = Debug|Any CPU
		{ec5a06e2-ca1b-55ed-9ac9-3b37c69dce34}.Debug|Any CPU.Build.0 = Debug|Any CPU
		{c2175cdb-a529-e894-de4e-3bcbc4d1d2da}.Debug|Any CPU.ActiveCfg = Debug|Any CPU
		{c2175cdb-a529-e894-de4e-3bcbc4d1d2da}.Debug|Any CPU.Build.0 = Debug|Any CPU
		{f122f243-c4d5-75a7-0bdd-be6be0583157}.Debug|Any CPU.ActiveCfg = Debug|Any CPU
		{f122f243-c4d5-75a7-0bdd-be6be0583157}.Debug|Any CPU.Build.0 = Debug|Any CPU
		{5056499a-d399-f2f9-bf57-fac41bc1a048}.Debug|Any CPU.ActiveCfg = Debug|Any CPU
		{5056499a-d399-f2f9-bf57-fac41bc1a048}.Debug|Any CPU.Build.0 = Debug|Any CPU
		{f592d76a-7fc7-09f1-cb35-b7d95e6e317c}.Debug|Any CPU.ActiveCfg = Debug|Any CPU
		{f592d76a-7fc7-09f1-cb35-b7d95e6e317c}.Debug|Any CPU.Build.0 = Debug|Any CPU
		{8096ae95-8b43-4708-6f4e-ef77c216d400}.Debug|Any CPU.ActiveCfg = Debug|Any CPU
		{8096ae95-8b43-4708-6f4e-ef77c216d400}.Debug|Any CPU.Build.0 = Debug|Any CPU
		{9fcec03f-6f3f-b2b7-36e8-21d3df154e88}.Debug|Any CPU.ActiveCfg = Debug|Any CPU
		{9fcec03f-6f3f-b2b7-36e8-21d3df154e88}.Debug|Any CPU.Build.0 = Debug|Any CPU
		{9ae6476b-fd2c-ff17-2d2f-8ace2dc11350}.Debug|Any CPU.ActiveCfg = Debug|Any CPU
		{9ae6476b-fd2c-ff17-2d2f-8ace2dc11350}.Debug|Any CPU.Build.0 = Debug|Any CPU
		{dd7c37cd-6873-4ac1-1ce5-9ddb2782a9df}.Debug|Any CPU.ActiveCfg = Debug|Any CPU
		{dd7c37cd-6873-4ac1-1ce5-9ddb2782a9df}.Debug|Any CPU.Build.0 = Debug|Any CPU
		{7a21e041-08fa-c903-0984-a0a074d73e5f}.Debug|Any CPU.ActiveCfg = Debug|Any CPU
		{7a21e041-08fa-c903-0984-a0a074d73e5f}.Debug|Any CPU.Build.0 = Debug|Any CPU
		{89c98afd-d1e4-ccc4-80e1-d4e078aceb21}.Debug|Any CPU.ActiveCfg = Debug|Any CPU
		{89c98afd-d1e4-ccc4-80e1-d4e078aceb21}.Debug|Any CPU.Build.0 = Debug|Any CPU
		{c5053d5b-ce0c-98bc-e1a0-a36c157ec19e}.Debug|Any CPU.ActiveCfg = Debug|Any CPU
		{c5053d5b-ce0c-98bc-e1a0-a36c157ec19e}.Debug|Any CPU.Build.0 = Debug|Any CPU
		{7727e0f6-2808-692b-55c8-94ee583b3446}.Debug|Any CPU.ActiveCfg = Debug|Any CPU
		{7727e0f6-2808-692b-55c8-94ee583b3446}.Debug|Any CPU.Build.0 = Debug|Any CPU
		{b836b334-4e8b-22e5-441e-aced2a45413d}.Debug|Any CPU.ActiveCfg = Debug|Any CPU
		{b836b334-4e8b-22e5-441e-aced2a45413d}.Debug|Any CPU.Build.0 = Debug|Any CPU
		{60fb40f2-479d-d192-7d9c-a2bc4adbd009}.Debug|Any CPU.ActiveCfg = Debug|Any CPU
		{60fb40f2-479d-d192-7d9c-a2bc4adbd009}.Debug|Any CPU.Build.0 = Debug|Any CPU
		{151c8a0a-bbf8-8810-7171-de1e58210edd}.Debug|Any CPU.ActiveCfg = Debug|Any CPU
		{151c8a0a-bbf8-8810-7171-de1e58210edd}.Debug|Any CPU.Build.0 = Debug|Any CPU
		{5d5b908e-1e10-28e3-96de-00656a2bcaa7}.Debug|Any CPU.ActiveCfg = Debug|Any CPU
		{5d5b908e-1e10-28e3-96de-00656a2bcaa7}.Debug|Any CPU.Build.0 = Debug|Any CPU
		{605c0c4d-f84f-326a-f15c-1c5665b7a08a}.Debug|Any CPU.ActiveCfg = Debug|Any CPU
		{605c0c4d-f84f-326a-f15c-1c5665b7a08a}.Debug|Any CPU.Build.0 = Debug|Any CPU
		{b17aef12-fada-998b-e638-16f52a727255}.Debug|Any CPU.ActiveCfg = Debug|Any CPU
		{b17aef12-fada-998b-e638-16f52a727255}.Debug|Any CPU.Build.0 = Debug|Any CPU
		{5d08152a-3f01-58d5-af5f-095040fe1274}.Debug|Any CPU.ActiveCfg = Debug|Any CPU
		{5d08152a-3f01-58d5-af5f-095040fe1274}.Debug|Any CPU.Build.0 = Debug|Any CPU
		{98706bf6-21af-279f-682b-96ad7e475135}.Debug|Any CPU.ActiveCfg = Debug|Any CPU
		{98706bf6-21af-279f-682b-96ad7e475135}.Debug|Any CPU.Build.0 = Debug|Any CPU
		{9ea5dbed-6b05-a586-f0ce-1d1bd60d8833}.Debug|Any CPU.ActiveCfg = Debug|Any CPU
		{9ea5dbed-6b05-a586-f0ce-1d1bd60d8833}.Debug|Any CPU.Build.0 = Debug|Any CPU
		{cf7a1772-d322-0002-a8d8-11ce5d2968cf}.Debug|Any CPU.ActiveCfg = Debug|Any CPU
		{cf7a1772-d322-0002-a8d8-11ce5d2968cf}.Debug|Any CPU.Build.0 = Debug|Any CPU
		{003f24b7-fa0a-a8e0-15bc-8ca5682aa8e2}.Debug|Any CPU.ActiveCfg = Debug|Any CPU
		{003f24b7-fa0a-a8e0-15bc-8ca5682aa8e2}.Debug|Any CPU.Build.0 = Debug|Any CPU
		{c3cac2b2-2324-188d-6cf5-783041e8e5d8}.Debug|Any CPU.ActiveCfg = Debug|Any CPU
		{c3cac2b2-2324-188d-6cf5-783041e8e5d8}.Debug|Any CPU.Build.0 = Debug|Any CPU
		{e507aa71-71e1-35b5-f612-088a6d97a41e}.Debug|Any CPU.ActiveCfg = Debug|Any CPU
		{e507aa71-71e1-35b5-f612-088a6d97a41e}.Debug|Any CPU.Build.0 = Debug|Any CPU
		{f793819a-b4e8-3ac4-79b2-c903f557fc01}.Debug|Any CPU.ActiveCfg = Debug|Any CPU
		{f793819a-b4e8-3ac4-79b2-c903f557fc01}.Debug|Any CPU.Build.0 = Debug|Any CPU
		{1f98b3ac-ea7f-3c11-1d58-294f74b6b694}.Debug|Any CPU.ActiveCfg = Debug|Any CPU
		{1f98b3ac-ea7f-3c11-1d58-294f74b6b694}.Debug|Any CPU.Build.0 = Debug|Any CPU
		{29bb30da-6c1c-4f1d-c10f-f9ff3e8db8b0}.Debug|Any CPU.ActiveCfg = Debug|Any CPU
		{29bb30da-6c1c-4f1d-c10f-f9ff3e8db8b0}.Debug|Any CPU.Build.0 = Debug|Any CPU
		{241086c8-4a7f-380e-bcf5-b264b1df244b}.Debug|Any CPU.ActiveCfg = Debug|Any CPU
		{241086c8-4a7f-380e-bcf5-b264b1df244b}.Debug|Any CPU.Build.0 = Debug|Any CPU
		{7ffe924c-94b6-7148-2d16-330b00cde0e8}.Debug|Any CPU.ActiveCfg = Debug|Any CPU
		{7ffe924c-94b6-7148-2d16-330b00cde0e8}.Debug|Any CPU.Build.0 = Debug|Any CPU
		{c8f137c4-edbd-9f43-f39f-b16fa9c47e97}.Debug|Any CPU.ActiveCfg = Debug|Any CPU
		{c8f137c4-edbd-9f43-f39f-b16fa9c47e97}.Debug|Any CPU.Build.0 = Debug|Any CPU
		{0060c090-9afe-d543-28c9-064c196dbf73}.Debug|Any CPU.ActiveCfg = Debug|Any CPU
		{0060c090-9afe-d543-28c9-064c196dbf73}.Debug|Any CPU.Build.0 = Debug|Any CPU
		{c3981e4c-55de-8b58-d298-b61796e508ea}.Debug|Any CPU.ActiveCfg = Debug|Any CPU
		{c3981e4c-55de-8b58-d298-b61796e508ea}.Debug|Any CPU.Build.0 = Debug|Any CPU
		{112c5cf6-e805-bade-9f74-9598c80641b6}.Debug|Any CPU.ActiveCfg = Debug|Any CPU
		{112c5cf6-e805-bade-9f74-9598c80641b6}.Debug|Any CPU.Build.0 = Debug|Any CPU
		{20f7538d-fefd-9153-8ddd-35eaea30d669}.Debug|Any CPU.ActiveCfg = Debug|Any CPU
		{20f7538d-fefd-9153-8ddd-35eaea30d669}.Debug|Any CPU.Build.0 = Debug|Any CPU
		{9261b65e-5a84-5ed2-6bc2-28f1c188a26b}.Debug|Any CPU.ActiveCfg = Debug|Any CPU
		{9261b65e-5a84-5ed2-6bc2-28f1c188a26b}.Debug|Any CPU.Build.0 = Debug|Any CPU
		{84ec0f76-42af-0972-32fb-ee082fd691bf}.Debug|Any CPU.ActiveCfg = Debug|Any CPU
		{84ec0f76-42af-0972-32fb-ee082fd691bf}.Debug|Any CPU.Build.0 = Debug|Any CPU
		{2fde4b10-b34e-1e02-ef7f-3a6574035447}.Debug|Any CPU.ActiveCfg = Debug|Any CPU
		{2fde4b10-b34e-1e02-ef7f-3a6574035447}.Debug|Any CPU.Build.0 = Debug|Any CPU
		{364a4245-6fa5-d8ce-8dac-ba050c10a870}.Debug|Any CPU.ActiveCfg = Debug|Any CPU
		{364a4245-6fa5-d8ce-8dac-ba050c10a870}.Debug|Any CPU.Build.0 = Debug|Any CPU
		{60f11454-7c0a-ab71-4421-bac3391ef99c}.Debug|Any CPU.ActiveCfg = Debug|Any CPU
		{60f11454-7c0a-ab71-4421-bac3391ef99c}.Debug|Any CPU.Build.0 = Debug|Any CPU
		{41a0f874-683d-047a-7b02-7c8e5e60e65c}.Debug|Any CPU.ActiveCfg = Debug|Any CPU
		{41a0f874-683d-047a-7b02-7c8e5e60e65c}.Debug|Any CPU.Build.0 = Debug|Any CPU
		{48bce16c-0457-4df2-3d09-7c80361e94d4}.Debug|Any CPU.ActiveCfg = Debug|Any CPU
		{48bce16c-0457-4df2-3d09-7c80361e94d4}.Debug|Any CPU.Build.0 = Debug|Any CPU
		{68f50307-2014-0c49-0998-a9c1c280b8be}.Debug|Any CPU.ActiveCfg = Debug|Any CPU
		{68f50307-2014-0c49-0998-a9c1c280b8be}.Debug|Any CPU.Build.0 = Debug|Any CPU
		{6ef065cc-667f-27ac-fd26-df891561fc15}.Debug|Any CPU.ActiveCfg = Debug|Any CPU
		{6ef065cc-667f-27ac-fd26-df891561fc15}.Debug|Any CPU.Build.0 = Debug|Any CPU
		{26d37cea-06ee-9ce6-136a-8eaf402f9ff3}.Debug|Any CPU.ActiveCfg = Debug|Any CPU
		{26d37cea-06ee-9ce6-136a-8eaf402f9ff3}.Debug|Any CPU.Build.0 = Debug|Any CPU
		{303aecf4-f979-4833-3734-d7d995760297}.Debug|Any CPU.ActiveCfg = Debug|Any CPU
		{303aecf4-f979-4833-3734-d7d995760297}.Debug|Any CPU.Build.0 = Debug|Any CPU
		{3f2eb911-6d12-3d1d-5b71-b9744d905dc3}.Debug|Any CPU.ActiveCfg = Debug|Any CPU
		{3f2eb911-6d12-3d1d-5b71-b9744d905dc3}.Debug|Any CPU.Build.0 = Debug|Any CPU
		{1e612563-c805-29c9-6715-7894d0f72e5d}.Debug|Any CPU.ActiveCfg = Debug|Any CPU
		{1e612563-c805-29c9-6715-7894d0f72e5d}.Debug|Any CPU.Build.0 = Debug|Any CPU
		{01132269-c5ca-cf34-e744-fb77368f91f7}.Debug|Any CPU.ActiveCfg = Debug|Any CPU
		{01132269-c5ca-cf34-e744-fb77368f91f7}.Debug|Any CPU.Build.0 = Debug|Any CPU
		{857ce32c-1582-37bd-fb5f-8547d6038a30}.Debug|Any CPU.ActiveCfg = Debug|Any CPU
		{857ce32c-1582-37bd-fb5f-8547d6038a30}.Debug|Any CPU.Build.0 = Debug|Any CPU
		{257e01a8-7e3f-8d9d-97cb-3a8004511545}.Debug|Any CPU.ActiveCfg = Debug|Any CPU
		{257e01a8-7e3f-8d9d-97cb-3a8004511545}.Debug|Any CPU.Build.0 = Debug|Any CPU
		{fbe63f94-8317-a843-9d8c-c34d4b081e89}.Debug|Any CPU.ActiveCfg = Debug|Any CPU
		{fbe63f94-8317-a843-9d8c-c34d4b081e89}.Debug|Any CPU.Build.0 = Debug|Any CPU
		{e793bc26-e5b5-117f-d97a-eeedaaa12463}.Debug|Any CPU.ActiveCfg = Debug|Any CPU
		{e793bc26-e5b5-117f-d97a-eeedaaa12463}.Debug|Any CPU.Build.0 = Debug|Any CPU
	EndGlobalSection
	GlobalSection(SolutionProperties) = preSolution
		HideSolutionNode = FALSE
	EndGlobalSection
EndGlobal
